// !$*UTF8*$!
{
	archiveVersion = 1;
	classes = {
	};
	objectVersion = 46;
	objects = {

/* Begin PBXBuildFile section */
		7F25FD6F1BCB4BBB001E962E /* AppDelegate.swift in Sources */ = {isa = PBXBuildFile; fileRef = 7F25FD6E1BCB4BBB001E962E /* AppDelegate.swift */; };
		7F25FD711BCB4BBB001E962E /* ViewController.swift in Sources */ = {isa = PBXBuildFile; fileRef = 7F25FD701BCB4BBB001E962E /* ViewController.swift */; };
		7F25FD741BCB4BBB001E962E /* Main.storyboard in Resources */ = {isa = PBXBuildFile; fileRef = 7F25FD721BCB4BBB001E962E /* Main.storyboard */; };
		7F25FD761BCB4BBB001E962E /* Assets.xcassets in Resources */ = {isa = PBXBuildFile; fileRef = 7F25FD751BCB4BBB001E962E /* Assets.xcassets */; };
		7F25FD791BCB4BBB001E962E /* LaunchScreen.storyboard in Resources */ = {isa = PBXBuildFile; fileRef = 7F25FD771BCB4BBB001E962E /* LaunchScreen.storyboard */; };
		7F25FD841BCB4BBB001E962E /* TipCalculatorTests.swift in Sources */ = {isa = PBXBuildFile; fileRef = 7F25FD831BCB4BBB001E962E /* TipCalculatorTests.swift */; };
		7F25FD8F1BCB4BBB001E962E /* TipCalculatorUITests.swift in Sources */ = {isa = PBXBuildFile; fileRef = 7F25FD8E1BCB4BBB001E962E /* TipCalculatorUITests.swift */; };
/* End PBXBuildFile section */

/* Begin PBXContainerItemProxy section */
		7F25FD801BCB4BBB001E962E /* PBXContainerItemProxy */ = {
			isa = PBXContainerItemProxy;
			containerPortal = 7F25FD631BCB4BBB001E962E /* Project object */;
			proxyType = 1;
			remoteGlobalIDString = 7F25FD6A1BCB4BBB001E962E;
			remoteInfo = TipCalculator;
		};
		7F25FD8B1BCB4BBB001E962E /* PBXContainerItemProxy */ = {
			isa = PBXContainerItemProxy;
			containerPortal = 7F25FD631BCB4BBB001E962E /* Project object */;
			proxyType = 1;
			remoteGlobalIDString = 7F25FD6A1BCB4BBB001E962E;
			remoteInfo = TipCalculator;
		};
/* End PBXContainerItemProxy section */

/* Begin PBXFileReference section */
		7F25FD6B1BCB4BBB001E962E /* TipCalculator.app */ = {isa = PBXFileReference; explicitFileType = wrapper.application; includeInIndex = 0; path = TipCalculator.app; sourceTree = BUILT_PRODUCTS_DIR; };
		7F25FD6E1BCB4BBB001E962E /* AppDelegate.swift */ = {isa = PBXFileReference; lastKnownFileType = sourcecode.swift; path = AppDelegate.swift; sourceTree = "<group>"; };
		7F25FD701BCB4BBB001E962E /* ViewController.swift */ = {isa = PBXFileReference; lastKnownFileType = sourcecode.swift; path = ViewController.swift; sourceTree = "<group>"; };
		7F25FD731BCB4BBB001E962E /* Base */ = {isa = PBXFileReference; lastKnownFileType = file.storyboard; name = Base; path = Base.lproj/Main.storyboard; sourceTree = "<group>"; };
		7F25FD751BCB4BBB001E962E /* Assets.xcassets */ = {isa = PBXFileReference; lastKnownFileType = folder.assetcatalog; path = Assets.xcassets; sourceTree = "<group>"; };
		7F25FD781BCB4BBB001E962E /* Base */ = {isa = PBXFileReference; lastKnownFileType = file.storyboard; name = Base; path = Base.lproj/LaunchScreen.storyboard; sourceTree = "<group>"; };
		7F25FD7A1BCB4BBB001E962E /* Info.plist */ = {isa = PBXFileReference; lastKnownFileType = text.plist.xml; path = Info.plist; sourceTree = "<group>"; };
		7F25FD7F1BCB4BBB001E962E /* TipCalculatorTests.xctest */ = {isa = PBXFileReference; explicitFileType = wrapper.cfbundle; includeInIndex = 0; path = TipCalculatorTests.xctest; sourceTree = BUILT_PRODUCTS_DIR; };
		7F25FD831BCB4BBB001E962E /* TipCalculatorTests.swift */ = {isa = PBXFileReference; lastKnownFileType = sourcecode.swift; path = TipCalculatorTests.swift; sourceTree = "<group>"; };
		7F25FD851BCB4BBB001E962E /* Info.plist */ = {isa = PBXFileReference; lastKnownFileType = text.plist.xml; path = Info.plist; sourceTree = "<group>"; };
		7F25FD8A1BCB4BBB001E962E /* TipCalculatorUITests.xctest */ = {isa = PBXFileReference; explicitFileType = wrapper.cfbundle; includeInIndex = 0; path = TipCalculatorUITests.xctest; sourceTree = BUILT_PRODUCTS_DIR; };
		7F25FD8E1BCB4BBB001E962E /* TipCalculatorUITests.swift */ = {isa = PBXFileReference; lastKnownFileType = sourcecode.swift; path = TipCalculatorUITests.swift; sourceTree = "<group>"; };
		7F25FD901BCB4BBB001E962E /* Info.plist */ = {isa = PBXFileReference; lastKnownFileType = text.plist.xml; path = Info.plist; sourceTree = "<group>"; };
/* End PBXFileReference section */

/* Begin PBXFrameworksBuildPhase section */
		7F25FD681BCB4BBB001E962E /* Frameworks */ = {
			isa = PBXFrameworksBuildPhase;
			buildActionMask = 2147483647;
			files = (
			);
			runOnlyForDeploymentPostprocessing = 0;
		};
		7F25FD7C1BCB4BBB001E962E /* Frameworks */ = {
			isa = PBXFrameworksBuildPhase;
			buildActionMask = 2147483647;
			files = (
			);
			runOnlyForDeploymentPostprocessing = 0;
		};
		7F25FD871BCB4BBB001E962E /* Frameworks */ = {
			isa = PBXFrameworksBuildPhase;
			buildActionMask = 2147483647;
			files = (
			);
			runOnlyForDeploymentPostprocessing = 0;
		};
/* End PBXFrameworksBuildPhase section */

/* Begin PBXGroup section */
		7F25FD621BCB4BBB001E962E = {
			isa = PBXGroup;
			children = (
				7F25FD6D1BCB4BBB001E962E /* TipCalculator */,
				7F25FD821BCB4BBB001E962E /* TipCalculatorTests */,
				7F25FD8D1BCB4BBB001E962E /* TipCalculatorUITests */,
				7F25FD6C1BCB4BBB001E962E /* Products */,
			);
			sourceTree = "<group>";
		};
		7F25FD6C1BCB4BBB001E962E /* Products */ = {
			isa = PBXGroup;
			children = (
				7F25FD6B1BCB4BBB001E962E /* TipCalculator.app */,
				7F25FD7F1BCB4BBB001E962E /* TipCalculatorTests.xctest */,
				7F25FD8A1BCB4BBB001E962E /* TipCalculatorUITests.xctest */,
			);
			name = Products;
			sourceTree = "<group>";
		};
		7F25FD6D1BCB4BBB001E962E /* TipCalculator */ = {
			isa = PBXGroup;
			children = (
				7F25FD6E1BCB4BBB001E962E /* AppDelegate.swift */,
				7F25FD701BCB4BBB001E962E /* ViewController.swift */,
				7F25FD721BCB4BBB001E962E /* Main.storyboard */,
				7F25FD751BCB4BBB001E962E /* Assets.xcassets */,
				7F25FD771BCB4BBB001E962E /* LaunchScreen.storyboard */,
				7F25FD7A1BCB4BBB001E962E /* Info.plist */,
			);
			path = TipCalculator;
			sourceTree = "<group>";
		};
		7F25FD821BCB4BBB001E962E /* TipCalculatorTests */ = {
			isa = PBXGroup;
			children = (
				7F25FD831BCB4BBB001E962E /* TipCalculatorTests.swift */,
				7F25FD851BCB4BBB001E962E /* Info.plist */,
			);
			path = TipCalculatorTests;
			sourceTree = "<group>";
		};
		7F25FD8D1BCB4BBB001E962E /* TipCalculatorUITests */ = {
			isa = PBXGroup;
			children = (
				7F25FD8E1BCB4BBB001E962E /* TipCalculatorUITests.swift */,
				7F25FD901BCB4BBB001E962E /* Info.plist */,
			);
			path = TipCalculatorUITests;
			sourceTree = "<group>";
		};
/* End PBXGroup section */

/* Begin PBXNativeTarget section */
		7F25FD6A1BCB4BBB001E962E /* TipCalculator */ = {
			isa = PBXNativeTarget;
			buildConfigurationList = 7F25FD931BCB4BBB001E962E /* Build configuration list for PBXNativeTarget "TipCalculator" */;
			buildPhases = (
				7F25FD671BCB4BBB001E962E /* Sources */,
				7F25FD681BCB4BBB001E962E /* Frameworks */,
				7F25FD691BCB4BBB001E962E /* Resources */,
			);
			buildRules = (
			);
			dependencies = (
			);
			name = TipCalculator;
			productName = TipCalculator;
			productReference = 7F25FD6B1BCB4BBB001E962E /* TipCalculator.app */;
			productType = "com.apple.product-type.application";
		};
		7F25FD7E1BCB4BBB001E962E /* TipCalculatorTests */ = {
			isa = PBXNativeTarget;
			buildConfigurationList = 7F25FD961BCB4BBB001E962E /* Build configuration list for PBXNativeTarget "TipCalculatorTests" */;
			buildPhases = (
				7F25FD7B1BCB4BBB001E962E /* Sources */,
				7F25FD7C1BCB4BBB001E962E /* Frameworks */,
				7F25FD7D1BCB4BBB001E962E /* Resources */,
			);
			buildRules = (
			);
			dependencies = (
				7F25FD811BCB4BBB001E962E /* PBXTargetDependency */,
			);
			name = TipCalculatorTests;
			productName = TipCalculatorTests;
			productReference = 7F25FD7F1BCB4BBB001E962E /* TipCalculatorTests.xctest */;
			productType = "com.apple.product-type.bundle.unit-test";
		};
		7F25FD891BCB4BBB001E962E /* TipCalculatorUITests */ = {
			isa = PBXNativeTarget;
			buildConfigurationList = 7F25FD991BCB4BBB001E962E /* Build configuration list for PBXNativeTarget "TipCalculatorUITests" */;
			buildPhases = (
				7F25FD861BCB4BBB001E962E /* Sources */,
				7F25FD871BCB4BBB001E962E /* Frameworks */,
				7F25FD881BCB4BBB001E962E /* Resources */,
			);
			buildRules = (
			);
			dependencies = (
				7F25FD8C1BCB4BBB001E962E /* PBXTargetDependency */,
			);
			name = TipCalculatorUITests;
			productName = TipCalculatorUITests;
			productReference = 7F25FD8A1BCB4BBB001E962E /* TipCalculatorUITests.xctest */;
			productType = "com.apple.product-type.bundle.ui-testing";
		};
/* End PBXNativeTarget section */

/* Begin PBXProject section */
		7F25FD631BCB4BBB001E962E /* Project object */ = {
			isa = PBXProject;
			attributes = {
				LastUpgradeCheck = 0700;
				ORGANIZATIONNAME = "Molly Corman";
				TargetAttributes = {
					7F25FD6A1BCB4BBB001E962E = {
						CreatedOnToolsVersion = 7.0.1;
					};
					7F25FD7E1BCB4BBB001E962E = {
						CreatedOnToolsVersion = 7.0.1;
						TestTargetID = 7F25FD6A1BCB4BBB001E962E;
					};
					7F25FD891BCB4BBB001E962E = {
						CreatedOnToolsVersion = 7.0.1;
						TestTargetID = 7F25FD6A1BCB4BBB001E962E;
					};
				};
			};
			buildConfigurationList = 7F25FD661BCB4BBB001E962E /* Build configuration list for PBXProject "TipCalculator" */;
			compatibilityVersion = "Xcode 3.2";
			developmentRegion = English;
			hasScannedForEncodings = 0;
			knownRegions = (
				en,
				Base,
			);
			mainGroup = 7F25FD621BCB4BBB001E962E;
			productRefGroup = 7F25FD6C1BCB4BBB001E962E /* Products */;
			projectDirPath = "";
			projectRoot = "";
			targets = (
				7F25FD6A1BCB4BBB001E962E /* TipCalculator */,
				7F25FD7E1BCB4BBB001E962E /* TipCalculatorTests */,
				7F25FD891BCB4BBB001E962E /* TipCalculatorUITests */,
			);
		};
/* End PBXProject section */

/* Begin PBXResourcesBuildPhase section */
		7F25FD691BCB4BBB001E962E /* Resources */ = {
			isa = PBXResourcesBuildPhase;
			buildActionMask = 2147483647;
			files = (
				7F25FD791BCB4BBB001E962E /* LaunchScreen.storyboard in Resources */,
				7F25FD761BCB4BBB001E962E /* Assets.xcassets in Resources */,
				7F25FD741BCB4BBB001E962E /* Main.storyboard in Resources */,
			);
			runOnlyForDeploymentPostprocessing = 0;
		};
		7F25FD7D1BCB4BBB001E962E /* Resources */ = {
			isa = PBXResourcesBuildPhase;
			buildActionMask = 2147483647;
			files = (
			);
			runOnlyForDeploymentPostprocessing = 0;
		};
		7F25FD881BCB4BBB001E962E /* Resources */ = {
			isa = PBXResourcesBuildPhase;
			buildActionMask = 2147483647;
			files = (
			);
			runOnlyForDeploymentPostprocessing = 0;
		};
/* End PBXResourcesBuildPhase section */

/* Begin PBXSourcesBuildPhase section */
		7F25FD671BCB4BBB001E962E /* Sources */ = {
			isa = PBXSourcesBuildPhase;
			buildActionMask = 2147483647;
			files = (
				7F25FD711BCB4BBB001E962E /* ViewController.swift in Sources */,
				7F25FD6F1BCB4BBB001E962E /* AppDelegate.swift in Sources */,
			);
			runOnlyForDeploymentPostprocessing = 0;
		};
		7F25FD7B1BCB4BBB001E962E /* Sources */ = {
			isa = PBXSourcesBuildPhase;
			buildActionMask = 2147483647;
			files = (
				7F25FD841BCB4BBB001E962E /* TipCalculatorTests.swift in Sources */,
			);
			runOnlyForDeploymentPostprocessing = 0;
		};
		7F25FD861BCB4BBB001E962E /* Sources */ = {
			isa = PBXSourcesBuildPhase;
			buildActionMask = 2147483647;
			files = (
				7F25FD8F1BCB4BBB001E962E /* TipCalculatorUITests.swift in Sources */,
			);
			runOnlyForDeploymentPostprocessing = 0;
		};
/* End PBXSourcesBuildPhase section */

/* Begin PBXTargetDependency section */
		7F25FD811BCB4BBB001E962E /* PBXTargetDependency */ = {
			isa = PBXTargetDependency;
			target = 7F25FD6A1BCB4BBB001E962E /* TipCalculator */;
			targetProxy = 7F25FD801BCB4BBB001E962E /* PBXContainerItemProxy */;
		};
		7F25FD8C1BCB4BBB001E962E /* PBXTargetDependency */ = {
			isa = PBXTargetDependency;
			target = 7F25FD6A1BCB4BBB001E962E /* TipCalculator */;
			targetProxy = 7F25FD8B1BCB4BBB001E962E /* PBXContainerItemProxy */;
		};
/* End PBXTargetDependency section */

/* Begin PBXVariantGroup section */
		7F25FD721BCB4BBB001E962E /* Main.storyboard */ = {
			isa = PBXVariantGroup;
			children = (
				7F25FD731BCB4BBB001E962E /* Base */,
			);
			name = Main.storyboard;
			sourceTree = "<group>";
		};
		7F25FD771BCB4BBB001E962E /* LaunchScreen.storyboard */ = {
			isa = PBXVariantGroup;
			children = (
				7F25FD781BCB4BBB001E962E /* Base */,
			);
			name = LaunchScreen.storyboard;
			sourceTree = "<group>";
		};
/* End PBXVariantGroup section */

/* Begin XCBuildConfiguration section */
		7F25FD911BCB4BBB001E962E /* Debug */ = {
			isa = XCBuildConfiguration;
			buildSettings = {
				ALWAYS_SEARCH_USER_PATHS = NO;
				CLANG_CXX_LANGUAGE_STANDARD = "gnu++0x";
				CLANG_CXX_LIBRARY = "libc++";
				CLANG_ENABLE_MODULES = YES;
				CLANG_ENABLE_OBJC_ARC = YES;
				CLANG_WARN_BOOL_CONVERSION = YES;
				CLANG_WARN_CONSTANT_CONVERSION = YES;
				CLANG_WARN_DIRECT_OBJC_ISA_USAGE = YES_ERROR;
				CLANG_WARN_EMPTY_BODY = YES;
				CLANG_WARN_ENUM_CONVERSION = YES;
				CLANG_WARN_INT_CONVERSION = YES;
				CLANG_WARN_OBJC_ROOT_CLASS = YES_ERROR;
				CLANG_WARN_UNREACHABLE_CODE = YES;
				CLANG_WARN__DUPLICATE_METHOD_MATCH = YES;
				"CODE_SIGN_IDENTITY[sdk=iphoneos*]" = "iPhone Developer";
				COPY_PHASE_STRIP = NO;
				DEBUG_INFORMATION_FORMAT = dwarf;
				ENABLE_STRICT_OBJC_MSGSEND = YES;
				ENABLE_TESTABILITY = YES;
				GCC_C_LANGUAGE_STANDARD = gnu99;
				GCC_DYNAMIC_NO_PIC = NO;
				GCC_NO_COMMON_BLOCKS = YES;
				GCC_OPTIMIZATION_LEVEL = 0;
				GCC_PREPROCESSOR_DEFINITIONS = (
					"DEBUG=1",
					"$(inherited)",
				);
				GCC_WARN_64_TO_32_BIT_CONVERSION = YES;
				GCC_WARN_ABOUT_RETURN_TYPE = YES_ERROR;
				GCC_WARN_UNDECLARED_SELECTOR = YES;
				GCC_WARN_UNINITIALIZED_AUTOS = YES_AGGRESSIVE;
				GCC_WARN_UNUSED_FUNCTION = YES;
				GCC_WARN_UNUSED_VARIABLE = YES;
				IPHONEOS_DEPLOYMENT_TARGET = 9.0;
				MTL_ENABLE_DEBUG_INFO = YES;
				ONLY_ACTIVE_ARCH = YES;
				SDKROOT = iphoneos;
				SWIFT_OPTIMIZATION_LEVEL = "-Onone";
			};
			name = Debug;
		};
		7F25FD921BCB4BBB001E962E /* Release */ = {
			isa = XCBuildConfiguration;
			buildSettings = {
				ALWAYS_SEARCH_USER_PATHS = NO;
				CLANG_CXX_LANGUAGE_STANDARD = "gnu++0x";
				CLANG_CXX_LIBRARY = "libc++";
				CLANG_ENABLE_MODULES = YES;
				CLANG_ENABLE_OBJC_ARC = YES;
				CLANG_WARN_BOOL_CONVERSION = YES;
				CLANG_WARN_CONSTANT_CONVERSION = YES;
				CLANG_WARN_DIRECT_OBJC_ISA_USAGE = YES_ERROR;
				CLANG_WARN_EMPTY_BODY = YES;
				CLANG_WARN_ENUM_CONVERSION = YES;
				CLANG_WARN_INT_CONVERSION = YES;
				CLANG_WARN_OBJC_ROOT_CLASS = YES_ERROR;
				CLANG_WARN_UNREACHABLE_CODE = YES;
				CLANG_WARN__DUPLICATE_METHOD_MATCH = YES;
				"CODE_SIGN_IDENTITY[sdk=iphoneos*]" = "iPhone Developer";
				COPY_PHASE_STRIP = NO;
				DEBUG_INFORMATION_FORMAT = "dwarf-with-dsym";
				ENABLE_NS_ASSERTIONS = NO;
				ENABLE_STRICT_OBJC_MSGSEND = YES;
				GCC_C_LANGUAGE_STANDARD = gnu99;
				GCC_NO_COMMON_BLOCKS = YES;
				GCC_WARN_64_TO_32_BIT_CONVERSION = YES;
				GCC_WARN_ABOUT_RETURN_TYPE = YES_ERROR;
				GCC_WARN_UNDECLARED_SELECTOR = YES;
				GCC_WARN_UNINITIALIZED_AUTOS = YES_AGGRESSIVE;
				GCC_WARN_UNUSED_FUNCTION = YES;
				GCC_WARN_UNUSED_VARIABLE = YES;
				IPHONEOS_DEPLOYMENT_TARGET = 9.0;
				MTL_ENABLE_DEBUG_INFO = NO;
				SDKROOT = iphoneos;
				VALIDATE_PRODUCT = YES;
			};
			name = Release;
		};
		7F25FD941BCB4BBB001E962E /* Debug */ = {
			isa = XCBuildConfiguration;
			buildSettings = {
				ASSETCATALOG_COMPILER_APPICON_NAME = AppIcon;
				INFOPLIST_FILE = TipCalculator/Info.plist;
				LD_RUNPATH_SEARCH_PATHS = "$(inherited) @executable_path/Frameworks";
				PRODUCT_BUNDLE_IDENTIFIER = mc.TipCalculator;
				PRODUCT_NAME = "$(TARGET_NAME)";
			};
			name = Debug;
		};
		7F25FD951BCB4BBB001E962E /* Release */ = {
			isa = XCBuildConfiguration;
			buildSettings = {
				ASSETCATALOG_COMPILER_APPICON_NAME = AppIcon;
				INFOPLIST_FILE = TipCalculator/Info.plist;
				LD_RUNPATH_SEARCH_PATHS = "$(inherited) @executable_path/Frameworks";
				PRODUCT_BUNDLE_IDENTIFIER = mc.TipCalculator;
				PRODUCT_NAME = "$(TARGET_NAME)";
			};
			name = Release;
		};
		7F25FD971BCB4BBB001E962E /* Debug */ = {
			isa = XCBuildConfiguration;
			buildSettings = {
				BUNDLE_LOADER = "$(TEST_HOST)";
				INFOPLIST_FILE = TipCalculatorTests/Info.plist;
				LD_RUNPATH_SEARCH_PATHS = "$(inherited) @executable_path/Frameworks @loader_path/Frameworks";
				PRODUCT_BUNDLE_IDENTIFIER = mc.TipCalculatorTests;
				PRODUCT_NAME = "$(TARGET_NAME)";
				TEST_HOST = "$(BUILT_PRODUCTS_DIR)/TipCalculator.app/TipCalculator";
			};
			name = Debug;
		};
		7F25FD981BCB4BBB001E962E /* Release */ = {
			isa = XCBuildConfiguration;
			buildSettings = {
				BUNDLE_LOADER = "$(TEST_HOST)";
				INFOPLIST_FILE = TipCalculatorTests/Info.plist;
				LD_RUNPATH_SEARCH_PATHS = "$(inherited) @executable_path/Frameworks @loader_path/Frameworks";
				PRODUCT_BUNDLE_IDENTIFIER = mc.TipCalculatorTests;
				PRODUCT_NAME = "$(TARGET_NAME)";
				TEST_HOST = "$(BUILT_PRODUCTS_DIR)/TipCalculator.app/TipCalculator";
			};
			name = Release;
		};
		7F25FD9A1BCB4BBB001E962E /* Debug */ = {
			isa = XCBuildConfiguration;
			buildSettings = {
				INFOPLIST_FILE = TipCalculatorUITests/Info.plist;
				LD_RUNPATH_SEARCH_PATHS = "$(inherited) @executable_path/Frameworks @loader_path/Frameworks";
				PRODUCT_BUNDLE_IDENTIFIER = mc.TipCalculatorUITests;
				PRODUCT_NAME = "$(TARGET_NAME)";
				TEST_TARGET_NAME = TipCalculator;
				USES_XCTRUNNER = YES;
			};
			name = Debug;
		};
		7F25FD9B1BCB4BBB001E962E /* Release */ = {
			isa = XCBuildConfiguration;
			buildSettings = {
				INFOPLIST_FILE = TipCalculatorUITests/Info.plist;
				LD_RUNPATH_SEARCH_PATHS = "$(inherited) @executable_path/Frameworks @loader_path/Frameworks";
				PRODUCT_BUNDLE_IDENTIFIER = mc.TipCalculatorUITests;
				PRODUCT_NAME = "$(TARGET_NAME)";
				TEST_TARGET_NAME = TipCalculator;
				USES_XCTRUNNER = YES;
			};
			name = Release;
		};
/* End XCBuildConfiguration section */

/* Begin XCConfigurationList section */
		7F25FD661BCB4BBB001E962E /* Build configuration list for PBXProject "TipCalculator" */ = {
			isa = XCConfigurationList;
			buildConfigurations = (
				7F25FD911BCB4BBB001E962E /* Debug */,
				7F25FD921BCB4BBB001E962E /* Release */,
			);
			defaultConfigurationIsVisible = 0;
			defaultConfigurationName = Release;
		};
		7F25FD931BCB4BBB001E962E /* Build configuration list for PBXNativeTarget "TipCalculator" */ = {
			isa = XCConfigurationList;
			buildConfigurations = (
				7F25FD941BCB4BBB001E962E /* Debug */,
				7F25FD951BCB4BBB001E962E /* Release */,
			);
			defaultConfigurationIsVisible = 0;
		};
		7F25FD961BCB4BBB001E962E /* Build configuration list for PBXNativeTarget "TipCalculatorTests" */ = {
			isa = XCConfigurationList;
			buildConfigurations = (
				7F25FD971BCB4BBB001E962E /* Debug */,
				7F25FD981BCB4BBB001E962E /* Release */,
			);
			defaultConfigurationIsVisible = 0;
		};
		7F25FD991BCB4BBB001E962E /* Build configuration list for PBXNativeTarget "TipCalculatorUITests" */ = {
			isa = XCConfigurationList;
			buildConfigurations = (
				7F25FD9A1BCB4BBB001E962E /* Debug */,
				7F25FD9B1BCB4BBB001E962E /* Release */,
			);
			defaultConfigurationIsVisible = 0;
		};
/* End XCConfigurationList section */
	};
	rootObject = 7F25FD631BCB4BBB001E962E /* Project object */;
}
